
Microsoft Visual Studio Solution File, Format Version 12.00
# Visual Studio 15
VisualStudioVersion = 15.0.27703.2035
MinimumVisualStudioVersion = 10.0.40219.1
Project("{FAE04EC0-301F-11D3-BF4B-00C04F79EFBC}") = "ShareCar.Api", "ShareCar.Api\ShareCar.Api.csproj", "{CBF72A49-D33E-4567-8DCF-924BEC0F6E7B}"
EndProject
Global
	GlobalSection(SolutionConfigurationPlatforms) = preSolution
		Debug|Any CPU = Debug|Any CPU
		Release|Any CPU = Release|Any CPU
	EndGlobalSection
	GlobalSection(ProjectConfigurationPlatforms) = postSolution
		{CBF72A49-D33E-4567-8DCF-924BEC0F6E7B}.Debug|Any CPU.ActiveCfg = Debug|Any CPU
		{CBF72A49-D33E-4567-8DCF-924BEC0F6E7B}.Debug|Any CPU.Build.0 = Debug|Any CPU
		{CBF72A49-D33E-4567-8DCF-924BEC0F6E7B}.Release|Any CPU.ActiveCfg = Release|Any CPU
		{CBF72A49-D33E-4567-8DCF-924BEC0F6E7B}.Release|Any CPU.Build.0 = Release|Any CPU
	EndGlobalSection
	GlobalSection(SolutionProperties) = preSolution
		HideSolutionNode = FALSE
	EndGlobalSection
	GlobalSection(ExtensibilityGlobals) = postSolution
		SolutionGuid = {EC956C03-9C26-4C02-A5AD-69C59B5B90B9}
	EndGlobalSection
EndGlobal
